<?xml version="1.0" encoding="utf-8"?>
<Project ToolsVersion="4.0" xmlns="http://schemas.microsoft.com/developer/msbuild/2003">
  <ItemGroup>
    <Filter Include="Исходные файлы">
      <UniqueIdentifier>{4FC737F1-C7A5-4376-A066-2A32D752A2FF}</UniqueIdentifier>
      <Extensions>cpp;c;cc;cxx;def;odl;idl;hpj;bat;asm;asmx</Extensions>
    </Filter>
    <Filter Include="Файлы заголовков">
      <UniqueIdentifier>{93995380-89BD-4b04-88EB-625FBE52EBFB}</UniqueIdentifier>
      <Extensions>h;hh;hpp;hxx;hm;inl;inc;ipp;xsd</Extensions>
    </Filter>
    <Filter Include="Файлы ресурсов">
      <UniqueIdentifier>{67DA6AB6-F800-4c08-8B7A-83BB121AAD01}</UniqueIdentifier>
      <Extensions>rc;ico;cur;bmp;dlg;rc2;rct;bin;rgs;gif;jpg;jpeg;jpe;resx;tiff;tif;png;wav;mfcribbon-ms</Extensions>
    </Filter>
    <Filter Include="Файлы заголовков\File">
      <UniqueIdentifier>{b5802a5a-b008-475a-8adc-2ba7317b90fa}</UniqueIdentifier>
    </Filter>
    <Filter Include="Файлы заголовков\utils">
      <UniqueIdentifier>{b8b9dbaa-345b-40f5-997b-f656bae9a76a}</UniqueIdentifier>
    </Filter>
    <Filter Include="Файлы заголовков\WindowObject">
      <UniqueIdentifier>{16912ff6-9d3e-48ce-94c5-af22a7cfedfd}</UniqueIdentifier>
    </Filter>
  </ItemGroup>
  <ItemGroup>
    <ClCompile Include="main.cpp">
      <Filter>Исходные файлы</Filter>
    </ClCompile>
  </ItemGroup>
  <ItemGroup>
    <ClInclude Include="lib\TXLib.h">
      <Filter>Файлы заголовков</Filter>
    </ClInclude>
    <ClInclude Include="lib\File\ConfigApp.h">
      <Filter>Файлы заголовков\File</Filter>
    </ClInclude>
    <ClInclude Include="lib\File\File.h">
      <Filter>Файлы заголовков\File</Filter>
    </ClInclude>
    <ClInclude Include="lib\utils\FunString.h">
      <Filter>Файлы заголовков\utils</Filter>
    </ClInclude>
    <ClInclude Include="lib\utils\SelectFile.h">
      <Filter>Файлы заголовков\utils</Filter>
    </ClInclude>
    <ClInclude Include="lib\WindowObject\Area.h">
      <Filter>Файлы заголовков\WindowObject</Filter>
    </ClInclude>
    <ClInclude Include="lib\WindowObject\ButtonText.h">
      <Filter>Файлы заголовков\WindowObject</Filter>
    </ClInclude>
    <ClInclude Include="lib\WindowObject\DragNDrop.h">
      <Filter>Файлы заголовков\WindowObject</Filter>
    </ClInclude>
    <ClInclude Include="lib\WindowObject\Image.h">
      <Filter>Файлы заголовков\WindowObject</Filter>
    </ClInclude>
  </ItemGroup>
</Project>