<?xml version="1.0" encoding="utf-8"?>
<Project ToolsVersion="4.0" xmlns="http://schemas.microsoft.com/developer/msbuild/2003">
  <ItemGroup>
    <Filter Include="Исходные файлы">
      <UniqueIdentifier>{4FC737F1-C7A5-4376-A066-2A32D752A2FF}</UniqueIdentifier>
      <Extensions>cpp;c;cc;cxx;def;odl;idl;hpj;bat;asm;asmx</Extensions>
    </Filter>
    <Filter Include="Файлы заголовков">
      <UniqueIdentifier>{93995380-89BD-4b04-88EB-625FBE52EBFB}</UniqueIdentifier>
      <Extensions>h;hh;hpp;hxx;hm;inl;inc;ipp;xsd</Extensions>
    </Filter>
    <Filter Include="Файлы ресурсов">
      <UniqueIdentifier>{67DA6AB6-F800-4c08-8B7A-83BB121AAD01}</UniqueIdentifier>
      <Extensions>rc;ico;cur;bmp;dlg;rc2;rct;bin;rgs;gif;jpg;jpeg;jpe;resx;tiff;tif;png;wav;mfcribbon-ms</Extensions>
    </Filter>
    <Filter Include="Файлы заголовков\WindowObject">
      <UniqueIdentifier>{3d019a15-3a1d-4344-a0fd-6f33dccf7b42}</UniqueIdentifier>
    </Filter>
    <Filter Include="Файлы заголовков\lib">
      <UniqueIdentifier>{c53742e6-7e67-4495-9d22-e481a38b8d66}</UniqueIdentifier>
    </Filter>
    <Filter Include="Файлы заголовков\ConfigRead">
      <UniqueIdentifier>{771a58b3-2953-4527-adf6-f271fc5f9dbf}</UniqueIdentifier>
    </Filter>
    <Filter Include="Файлы заголовков\SaveFile">
      <UniqueIdentifier>{dc92487d-849f-42d0-9008-a7e03e4897a3}</UniqueIdentifier>
    </Filter>
    <Filter Include="Файлы заголовков\utils">
      <UniqueIdentifier>{a9e63764-3215-4db4-b82f-4b931ef68dc7}</UniqueIdentifier>
    </Filter>
  </ItemGroup>
  <ItemGroup>
    <ClCompile Include="main.cpp">
      <Filter>Исходные файлы</Filter>
    </ClCompile>
  </ItemGroup>
  <ItemGroup>
    <ClInclude Include="Lib\TXLib.h">
      <Filter>Файлы заголовков\lib</Filter>
    </ClInclude>
    <ClInclude Include="WindowObject\Area.h">
      <Filter>Файлы заголовков\WindowObject</Filter>
    </ClInclude>
    <ClInclude Include="WindowObject\ButtonText.h">
      <Filter>Файлы заголовков\WindowObject</Filter>
    </ClInclude>
    <ClInclude Include="WindowObject\Image.h">
      <Filter>Файлы заголовков\WindowObject</Filter>
    </ClInclude>
    <ClInclude Include="ConfigRead\ConfigApp.h">
      <Filter>Файлы заголовков\ConfigRead</Filter>
    </ClInclude>
    <ClInclude Include="WindowObject\DragNDrop.h">
      <Filter>Файлы заголовков\WindowObject</Filter>
    </ClInclude>
    <ClInclude Include="SaveFile\WriteFile.h">
      <Filter>Файлы заголовков\SaveFile</Filter>
    </ClInclude>
    <ClInclude Include="utils\FunString.h">
      <Filter>Файлы заголовков\utils</Filter>
    </ClInclude>
    <ClInclude Include="utils\ValueName.h">
      <Filter>Файлы заголовков\utils</Filter>
    </ClInclude>
    <ClInclude Include="SaveFile\ReadFile.h">
      <Filter>Файлы заголовков\SaveFile</Filter>
    </ClInclude>
    <ClInclude Include="utils\ReadFile.h">
      <Filter>Файлы заголовков\utils</Filter>
    </ClInclude>
    <ClInclude Include="utils\SelectFile.h">
      <Filter>Файлы заголовков\utils</Filter>
    </ClInclude>
  </ItemGroup>
</Project>